
Microsoft Visual Studio Solution File, Format Version 12.00
# Visual Studio Version 16
VisualStudioVersion = 16.0.29409.12
MinimumVisualStudioVersion = 10.0.40219.1
Project("{9A19103F-16F7-4668-BE54-9A1E7A4F7556}") = "ShareCare", "Nudge\ShareCare.csproj", "{DAEF7F62-D928-4C82-BECA-F7A5D1F24652}"
EndProject
Global
	GlobalSection(SolutionConfigurationPlatforms) = preSolution
		Debug|Any CPU = Debug|Any CPU
		Release|Any CPU = Release|Any CPU
	EndGlobalSection
	GlobalSection(ProjectConfigurationPlatforms) = postSolution
		{DAEF7F62-D928-4C82-BECA-F7A5D1F24652}.Debug|Any CPU.ActiveCfg = Debug|Any CPU
		{DAEF7F62-D928-4C82-BECA-F7A5D1F24652}.Debug|Any CPU.Build.0 = Debug|Any CPU
		{DAEF7F62-D928-4C82-BECA-F7A5D1F24652}.Release|Any CPU.ActiveCfg = Release|Any CPU
		{DAEF7F62-D928-4C82-BECA-F7A5D1F24652}.Release|Any CPU.Build.0 = Release|Any CPU
	EndGlobalSection
	GlobalSection(SolutionProperties) = preSolution
		HideSolutionNode = FALSE
	EndGlobalSection
	GlobalSection(ExtensibilityGlobals) = postSolution
		SolutionGuid = {4177D871-0FBE-4C7E-976A-A0AF3FCA02CA}
	EndGlobalSection
EndGlobal
